// !$*UTF8*$!
{
	archiveVersion = 1;
	classes = {
	};
	objectVersion = 55;
	objects = {

/* Begin PBXBuildFile section */
		7CDB685928A54118001B118C /* AppDelegate.swift in Sources */ = {isa = PBXBuildFile; fileRef = 7CDB685828A54118001B118C /* AppDelegate.swift */; };
		7CDB685B28A54118001B118C /* SceneDelegate.swift in Sources */ = {isa = PBXBuildFile; fileRef = 7CDB685A28A54118001B118C /* SceneDelegate.swift */; };
		7CDB686228A54119001B118C /* Assets.xcassets in Resources */ = {isa = PBXBuildFile; fileRef = 7CDB686128A54119001B118C /* Assets.xcassets */; };
		7CDB686528A54119001B118C /* LaunchScreen.storyboard in Resources */ = {isa = PBXBuildFile; fileRef = 7CDB686328A54119001B118C /* LaunchScreen.storyboard */; };
		7CDB687028A54119001B118C /* ProjBornlogicTests.swift in Sources */ = {isa = PBXBuildFile; fileRef = 7CDB686F28A54119001B118C /* ProjBornlogicTests.swift */; };
		7CDB687A28A54119001B118C /* ProjBornlogicUITests.swift in Sources */ = {isa = PBXBuildFile; fileRef = 7CDB687928A54119001B118C /* ProjBornlogicUITests.swift */; };
		7CDB687C28A54119001B118C /* ProjBornlogicUITestsLaunchTests.swift in Sources */ = {isa = PBXBuildFile; fileRef = 7CDB687B28A54119001B118C /* ProjBornlogicUITestsLaunchTests.swift */; };
		7CDB688E28A542E7001B118C /* RequestBuilder.swift in Sources */ = {isa = PBXBuildFile; fileRef = 7CDB688D28A542E7001B118C /* RequestBuilder.swift */; };
		7CDB688F28A542E7001B118C /* RequestBuilder.swift in Sources */ = {isa = PBXBuildFile; fileRef = 7CDB688D28A542E7001B118C /* RequestBuilder.swift */; };
		7CDB689128A542FC001B118C /* URLResources.swift in Sources */ = {isa = PBXBuildFile; fileRef = 7CDB689028A542FC001B118C /* URLResources.swift */; };
		7CDB689228A542FC001B118C /* URLResources.swift in Sources */ = {isa = PBXBuildFile; fileRef = 7CDB689028A542FC001B118C /* URLResources.swift */; };
		7CDB689428A54307001B118C /* Method.swift in Sources */ = {isa = PBXBuildFile; fileRef = 7CDB689328A54307001B118C /* Method.swift */; };
		7CDB689528A54307001B118C /* Method.swift in Sources */ = {isa = PBXBuildFile; fileRef = 7CDB689328A54307001B118C /* Method.swift */; };
		7CDB689D28A5455A001B118C /* SummaryViewController.swift in Sources */ = {isa = PBXBuildFile; fileRef = 7CDB689C28A5455A001B118C /* SummaryViewController.swift */; };
		7CDB689E28A5455A001B118C /* SummaryViewController.swift in Sources */ = {isa = PBXBuildFile; fileRef = 7CDB689C28A5455A001B118C /* SummaryViewController.swift */; };
		7CDB68A028A5457D001B118C /* SummaryTableViewCell.swift in Sources */ = {isa = PBXBuildFile; fileRef = 7CDB689F28A5457D001B118C /* SummaryTableViewCell.swift */; };
		7CDB68A128A5457D001B118C /* SummaryTableViewCell.swift in Sources */ = {isa = PBXBuildFile; fileRef = 7CDB689F28A5457D001B118C /* SummaryTableViewCell.swift */; };
		7CDB68A328A547B3001B118C /* SummaryMainView.swift in Sources */ = {isa = PBXBuildFile; fileRef = 7CDB68A228A547B3001B118C /* SummaryMainView.swift */; };
		7CDB68A428A547B3001B118C /* SummaryMainView.swift in Sources */ = {isa = PBXBuildFile; fileRef = 7CDB68A228A547B3001B118C /* SummaryMainView.swift */; };
		7CDB68AA28A5C684001B118C /* SummaryPresenter.swift in Sources */ = {isa = PBXBuildFile; fileRef = 7CDB68A928A5C684001B118C /* SummaryPresenter.swift */; };
		7CDB68AB28A5C684001B118C /* SummaryPresenter.swift in Sources */ = {isa = PBXBuildFile; fileRef = 7CDB68A928A5C684001B118C /* SummaryPresenter.swift */; };
		7CDB68B428A6A1A6001B118C /* DSLabel.swift in Sources */ = {isa = PBXBuildFile; fileRef = 7CDB68B328A6A1A6001B118C /* DSLabel.swift */; };
		7CDB68B528A6A1A6001B118C /* DSLabel.swift in Sources */ = {isa = PBXBuildFile; fileRef = 7CDB68B328A6A1A6001B118C /* DSLabel.swift */; };
		7CDB68B828A6AB23001B118C /* UIImageExtensions.swift in Sources */ = {isa = PBXBuildFile; fileRef = 7CDB68B728A6AB23001B118C /* UIImageExtensions.swift */; };
		7CDB68B928A6AB23001B118C /* UIImageExtensions.swift in Sources */ = {isa = PBXBuildFile; fileRef = 7CDB68B728A6AB23001B118C /* UIImageExtensions.swift */; };
		7CDB68BC28A6DB56001B118C /* SummaryService.swift in Sources */ = {isa = PBXBuildFile; fileRef = 7CDB68BB28A6DB56001B118C /* SummaryService.swift */; };
		7CDB68BD28A6DB56001B118C /* SummaryService.swift in Sources */ = {isa = PBXBuildFile; fileRef = 7CDB68BB28A6DB56001B118C /* SummaryService.swift */; };
		7CDB68C228A6DD18001B118C /* SummaryModel.swift in Sources */ = {isa = PBXBuildFile; fileRef = 7CDB68C128A6DD18001B118C /* SummaryModel.swift */; };
		7CDB68C328A6DD18001B118C /* SummaryModel.swift in Sources */ = {isa = PBXBuildFile; fileRef = 7CDB68C128A6DD18001B118C /* SummaryModel.swift */; };
		7CDB68C528A861E0001B118C /* ArrayExtensions.swift in Sources */ = {isa = PBXBuildFile; fileRef = 7CDB68C428A861E0001B118C /* ArrayExtensions.swift */; };
		7CDB68C628A861E0001B118C /* ArrayExtensions.swift in Sources */ = {isa = PBXBuildFile; fileRef = 7CDB68C428A861E0001B118C /* ArrayExtensions.swift */; };
		7CDB68C828A95942001B118C /* Spinner.swift in Sources */ = {isa = PBXBuildFile; fileRef = 7CDB68C728A95942001B118C /* Spinner.swift */; };
		7CDB68C928A95942001B118C /* Spinner.swift in Sources */ = {isa = PBXBuildFile; fileRef = 7CDB68C728A95942001B118C /* Spinner.swift */; };
/* End PBXBuildFile section */

/* Begin PBXContainerItemProxy section */
		7CDB686C28A54119001B118C /* PBXContainerItemProxy */ = {
			isa = PBXContainerItemProxy;
			containerPortal = 7CDB684D28A54118001B118C /* Project object */;
			proxyType = 1;
			remoteGlobalIDString = 7CDB685428A54118001B118C;
			remoteInfo = ProjBornlogic;
		};
		7CDB687628A54119001B118C /* PBXContainerItemProxy */ = {
			isa = PBXContainerItemProxy;
			containerPortal = 7CDB684D28A54118001B118C /* Project object */;
			proxyType = 1;
			remoteGlobalIDString = 7CDB685428A54118001B118C;
			remoteInfo = ProjBornlogic;
		};
/* End PBXContainerItemProxy section */

/* Begin PBXFileReference section */
		7CDB685528A54118001B118C /* ProjBornlogic.app */ = {isa = PBXFileReference; explicitFileType = wrapper.application; includeInIndex = 0; path = ProjBornlogic.app; sourceTree = BUILT_PRODUCTS_DIR; };
		7CDB685828A54118001B118C /* AppDelegate.swift */ = {isa = PBXFileReference; lastKnownFileType = sourcecode.swift; path = AppDelegate.swift; sourceTree = "<group>"; };
		7CDB685A28A54118001B118C /* SceneDelegate.swift */ = {isa = PBXFileReference; lastKnownFileType = sourcecode.swift; path = SceneDelegate.swift; sourceTree = "<group>"; };
		7CDB686128A54119001B118C /* Assets.xcassets */ = {isa = PBXFileReference; lastKnownFileType = folder.assetcatalog; path = Assets.xcassets; sourceTree = "<group>"; };
		7CDB686428A54119001B118C /* Base */ = {isa = PBXFileReference; lastKnownFileType = file.storyboard; name = Base; path = Base.lproj/LaunchScreen.storyboard; sourceTree = "<group>"; };
		7CDB686628A54119001B118C /* Info.plist */ = {isa = PBXFileReference; lastKnownFileType = text.plist.xml; path = Info.plist; sourceTree = "<group>"; };
		7CDB686B28A54119001B118C /* ProjBornlogicTests.xctest */ = {isa = PBXFileReference; explicitFileType = wrapper.cfbundle; includeInIndex = 0; path = ProjBornlogicTests.xctest; sourceTree = BUILT_PRODUCTS_DIR; };
		7CDB686F28A54119001B118C /* ProjBornlogicTests.swift */ = {isa = PBXFileReference; lastKnownFileType = sourcecode.swift; path = ProjBornlogicTests.swift; sourceTree = "<group>"; };
		7CDB687528A54119001B118C /* ProjBornlogicUITests.xctest */ = {isa = PBXFileReference; explicitFileType = wrapper.cfbundle; includeInIndex = 0; path = ProjBornlogicUITests.xctest; sourceTree = BUILT_PRODUCTS_DIR; };
		7CDB687928A54119001B118C /* ProjBornlogicUITests.swift */ = {isa = PBXFileReference; lastKnownFileType = sourcecode.swift; path = ProjBornlogicUITests.swift; sourceTree = "<group>"; };
		7CDB687B28A54119001B118C /* ProjBornlogicUITestsLaunchTests.swift */ = {isa = PBXFileReference; lastKnownFileType = sourcecode.swift; path = ProjBornlogicUITestsLaunchTests.swift; sourceTree = "<group>"; };
		7CDB688D28A542E7001B118C /* RequestBuilder.swift */ = {isa = PBXFileReference; lastKnownFileType = sourcecode.swift; path = RequestBuilder.swift; sourceTree = "<group>"; };
		7CDB689028A542FC001B118C /* URLResources.swift */ = {isa = PBXFileReference; lastKnownFileType = sourcecode.swift; path = URLResources.swift; sourceTree = "<group>"; };
		7CDB689328A54307001B118C /* Method.swift */ = {isa = PBXFileReference; lastKnownFileType = sourcecode.swift; path = Method.swift; sourceTree = "<group>"; };
		7CDB689C28A5455A001B118C /* SummaryViewController.swift */ = {isa = PBXFileReference; lastKnownFileType = sourcecode.swift; path = SummaryViewController.swift; sourceTree = "<group>"; };
		7CDB689F28A5457D001B118C /* SummaryTableViewCell.swift */ = {isa = PBXFileReference; lastKnownFileType = sourcecode.swift; path = SummaryTableViewCell.swift; sourceTree = "<group>"; };
		7CDB68A228A547B3001B118C /* SummaryMainView.swift */ = {isa = PBXFileReference; lastKnownFileType = sourcecode.swift; path = SummaryMainView.swift; sourceTree = "<group>"; };
		7CDB68A928A5C684001B118C /* SummaryPresenter.swift */ = {isa = PBXFileReference; lastKnownFileType = sourcecode.swift; path = SummaryPresenter.swift; sourceTree = "<group>"; };
		7CDB68B328A6A1A6001B118C /* DSLabel.swift */ = {isa = PBXFileReference; lastKnownFileType = sourcecode.swift; path = DSLabel.swift; sourceTree = "<group>"; };
		7CDB68B728A6AB23001B118C /* UIImageExtensions.swift */ = {isa = PBXFileReference; lastKnownFileType = sourcecode.swift; path = UIImageExtensions.swift; sourceTree = "<group>"; };
		7CDB68BB28A6DB56001B118C /* SummaryService.swift */ = {isa = PBXFileReference; lastKnownFileType = sourcecode.swift; path = SummaryService.swift; sourceTree = "<group>"; };
		7CDB68C128A6DD18001B118C /* SummaryModel.swift */ = {isa = PBXFileReference; lastKnownFileType = sourcecode.swift; path = SummaryModel.swift; sourceTree = "<group>"; };
		7CDB68C428A861E0001B118C /* ArrayExtensions.swift */ = {isa = PBXFileReference; lastKnownFileType = sourcecode.swift; path = ArrayExtensions.swift; sourceTree = "<group>"; };
		7CDB68C728A95942001B118C /* Spinner.swift */ = {isa = PBXFileReference; lastKnownFileType = sourcecode.swift; path = Spinner.swift; sourceTree = "<group>"; };
/* End PBXFileReference section */

/* Begin PBXFrameworksBuildPhase section */
		7CDB685228A54118001B118C /* Frameworks */ = {
			isa = PBXFrameworksBuildPhase;
			buildActionMask = 2147483647;
			files = (
			);
			runOnlyForDeploymentPostprocessing = 0;
		};
		7CDB686828A54119001B118C /* Frameworks */ = {
			isa = PBXFrameworksBuildPhase;
			buildActionMask = 2147483647;
			files = (
			);
			runOnlyForDeploymentPostprocessing = 0;
		};
		7CDB687228A54119001B118C /* Frameworks */ = {
			isa = PBXFrameworksBuildPhase;
			buildActionMask = 2147483647;
			files = (
			);
			runOnlyForDeploymentPostprocessing = 0;
		};
/* End PBXFrameworksBuildPhase section */

/* Begin PBXGroup section */
		7CDB684C28A54118001B118C = {
			isa = PBXGroup;
			children = (
				7CDB685728A54118001B118C /* ProjBornlogic */,
				7CDB686E28A54119001B118C /* ProjBornlogicTests */,
				7CDB687828A54119001B118C /* ProjBornlogicUITests */,
				7CDB685628A54118001B118C /* Products */,
			);
			sourceTree = "<group>";
		};
		7CDB685628A54118001B118C /* Products */ = {
			isa = PBXGroup;
			children = (
				7CDB685528A54118001B118C /* ProjBornlogic.app */,
				7CDB686B28A54119001B118C /* ProjBornlogicTests.xctest */,
				7CDB687528A54119001B118C /* ProjBornlogicUITests.xctest */,
			);
			name = Products;
			sourceTree = "<group>";
		};
		7CDB685728A54118001B118C /* ProjBornlogic */ = {
			isa = PBXGroup;
			children = (
				7CDB68B628A6AB14001B118C /* Extensions */,
				7CDB688828A5422B001B118C /* Resources */,
				7CDB688928A5425A001B118C /* Services */,
				7CDB688B28A542A8001B118C /* Features */,
				7CDB68AC28A68531001B118C /* DesignSystem */,
				7CDB686628A54119001B118C /* Info.plist */,
			);
			path = ProjBornlogic;
			sourceTree = "<group>";
		};
		7CDB686E28A54119001B118C /* ProjBornlogicTests */ = {
			isa = PBXGroup;
			children = (
				7CDB686F28A54119001B118C /* ProjBornlogicTests.swift */,
			);
			path = ProjBornlogicTests;
			sourceTree = "<group>";
		};
		7CDB687828A54119001B118C /* ProjBornlogicUITests */ = {
			isa = PBXGroup;
			children = (
				7CDB687928A54119001B118C /* ProjBornlogicUITests.swift */,
				7CDB687B28A54119001B118C /* ProjBornlogicUITestsLaunchTests.swift */,
			);
			path = ProjBornlogicUITests;
			sourceTree = "<group>";
		};
		7CDB688828A5422B001B118C /* Resources */ = {
			isa = PBXGroup;
			children = (
				7CDB685828A54118001B118C /* AppDelegate.swift */,
				7CDB685A28A54118001B118C /* SceneDelegate.swift */,
				7CDB686128A54119001B118C /* Assets.xcassets */,
				7CDB686328A54119001B118C /* LaunchScreen.storyboard */,
			);
			path = Resources;
			sourceTree = "<group>";
		};
		7CDB688928A5425A001B118C /* Services */ = {
			isa = PBXGroup;
			children = (
				7CDB68BA28A6DB44001B118C /* Summary */,
				7CDB688D28A542E7001B118C /* RequestBuilder.swift */,
				7CDB689028A542FC001B118C /* URLResources.swift */,
				7CDB689328A54307001B118C /* Method.swift */,
			);
			path = Services;
			sourceTree = "<group>";
		};
		7CDB688A28A54261001B118C /* Summary */ = {
			isa = PBXGroup;
			children = (
				7CDB689828A543FF001B118C /* Model */,
				7CDB689728A543F8001B118C /* View */,
				7CDB689628A543F2001B118C /* Presenter */,
			);
			path = Summary;
			sourceTree = "<group>";
		};
		7CDB688B28A542A8001B118C /* Features */ = {
			isa = PBXGroup;
			children = (
				7CDB688C28A542AF001B118C /* Detail */,
				7CDB688A28A54261001B118C /* Summary */,
			);
			path = Features;
			sourceTree = "<group>";
		};
		7CDB688C28A542AF001B118C /* Detail */ = {
			isa = PBXGroup;
			children = (
				7CDB689B28A54413001B118C /* Model */,
				7CDB689A28A5440A001B118C /* View */,
				7CDB689928A54406001B118C /* Presenter */,
			);
			path = Detail;
			sourceTree = "<group>";
		};
		7CDB689628A543F2001B118C /* Presenter */ = {
			isa = PBXGroup;
			children = (
				7CDB68A928A5C684001B118C /* SummaryPresenter.swift */,
			);
			path = Presenter;
			sourceTree = "<group>";
		};
		7CDB689728A543F8001B118C /* View */ = {
			isa = PBXGroup;
			children = (
				7CDB689C28A5455A001B118C /* SummaryViewController.swift */,
				7CDB689F28A5457D001B118C /* SummaryTableViewCell.swift */,
				7CDB68A228A547B3001B118C /* SummaryMainView.swift */,
			);
			path = View;
			sourceTree = "<group>";
		};
		7CDB689828A543FF001B118C /* Model */ = {
			isa = PBXGroup;
			children = (
				7CDB68C128A6DD18001B118C /* SummaryModel.swift */,
			);
			path = Model;
			sourceTree = "<group>";
		};
		7CDB689928A54406001B118C /* Presenter */ = {
			isa = PBXGroup;
			children = (
			);
			path = Presenter;
			sourceTree = "<group>";
		};
		7CDB689A28A5440A001B118C /* View */ = {
			isa = PBXGroup;
			children = (
			);
			path = View;
			sourceTree = "<group>";
		};
		7CDB689B28A54413001B118C /* Model */ = {
			isa = PBXGroup;
			children = (
			);
			path = Model;
			sourceTree = "<group>";
		};
		7CDB68AC28A68531001B118C /* DesignSystem */ = {
			isa = PBXGroup;
			children = (
				7CDB68B328A6A1A6001B118C /* DSLabel.swift */,
				7CDB68C728A95942001B118C /* Spinner.swift */,
			);
			path = DesignSystem;
			sourceTree = "<group>";
		};
		7CDB68B628A6AB14001B118C /* Extensions */ = {
			isa = PBXGroup;
			children = (
				7CDB68B728A6AB23001B118C /* UIImageExtensions.swift */,
				7CDB68C428A861E0001B118C /* ArrayExtensions.swift */,
			);
			path = Extensions;
			sourceTree = "<group>";
		};
		7CDB68BA28A6DB44001B118C /* Summary */ = {
			isa = PBXGroup;
			children = (
				7CDB68BB28A6DB56001B118C /* SummaryService.swift */,
			);
			path = Summary;
			sourceTree = "<group>";
		};
/* End PBXGroup section */

/* Begin PBXNativeTarget section */
		7CDB685428A54118001B118C /* ProjBornlogic */ = {
			isa = PBXNativeTarget;
			buildConfigurationList = 7CDB687F28A54119001B118C /* Build configuration list for PBXNativeTarget "ProjBornlogic" */;
			buildPhases = (
				7CDB685128A54118001B118C /* Sources */,
				7CDB685228A54118001B118C /* Frameworks */,
				7CDB685328A54118001B118C /* Resources */,
			);
			buildRules = (
			);
			dependencies = (
			);
			name = ProjBornlogic;
			productName = ProjBornlogic;
			productReference = 7CDB685528A54118001B118C /* ProjBornlogic.app */;
			productType = "com.apple.product-type.application";
		};
		7CDB686A28A54119001B118C /* ProjBornlogicTests */ = {
			isa = PBXNativeTarget;
			buildConfigurationList = 7CDB688228A54119001B118C /* Build configuration list for PBXNativeTarget "ProjBornlogicTests" */;
			buildPhases = (
				7CDB686728A54119001B118C /* Sources */,
				7CDB686828A54119001B118C /* Frameworks */,
				7CDB686928A54119001B118C /* Resources */,
			);
			buildRules = (
			);
			dependencies = (
				7CDB686D28A54119001B118C /* PBXTargetDependency */,
			);
			name = ProjBornlogicTests;
			productName = ProjBornlogicTests;
			productReference = 7CDB686B28A54119001B118C /* ProjBornlogicTests.xctest */;
			productType = "com.apple.product-type.bundle.unit-test";
		};
		7CDB687428A54119001B118C /* ProjBornlogicUITests */ = {
			isa = PBXNativeTarget;
			buildConfigurationList = 7CDB688528A54119001B118C /* Build configuration list for PBXNativeTarget "ProjBornlogicUITests" */;
			buildPhases = (
				7CDB687128A54119001B118C /* Sources */,
				7CDB687228A54119001B118C /* Frameworks */,
				7CDB687328A54119001B118C /* Resources */,
			);
			buildRules = (
			);
			dependencies = (
				7CDB687728A54119001B118C /* PBXTargetDependency */,
			);
			name = ProjBornlogicUITests;
			productName = ProjBornlogicUITests;
			productReference = 7CDB687528A54119001B118C /* ProjBornlogicUITests.xctest */;
			productType = "com.apple.product-type.bundle.ui-testing";
		};
/* End PBXNativeTarget section */

/* Begin PBXProject section */
		7CDB684D28A54118001B118C /* Project object */ = {
			isa = PBXProject;
			attributes = {
				BuildIndependentTargetsInParallel = 1;
				LastSwiftUpdateCheck = 1310;
				LastUpgradeCheck = 1310;
				TargetAttributes = {
					7CDB685428A54118001B118C = {
						CreatedOnToolsVersion = 13.1;
					};
					7CDB686A28A54119001B118C = {
						CreatedOnToolsVersion = 13.1;
						TestTargetID = 7CDB685428A54118001B118C;
					};
					7CDB687428A54119001B118C = {
						CreatedOnToolsVersion = 13.1;
						TestTargetID = 7CDB685428A54118001B118C;
					};
				};
			};
			buildConfigurationList = 7CDB685028A54118001B118C /* Build configuration list for PBXProject "ProjBornlogic" */;
			compatibilityVersion = "Xcode 13.0";
			developmentRegion = en;
			hasScannedForEncodings = 0;
			knownRegions = (
				en,
				Base,
			);
			mainGroup = 7CDB684C28A54118001B118C;
			productRefGroup = 7CDB685628A54118001B118C /* Products */;
			projectDirPath = "";
			projectRoot = "";
			targets = (
				7CDB685428A54118001B118C /* ProjBornlogic */,
				7CDB686A28A54119001B118C /* ProjBornlogicTests */,
				7CDB687428A54119001B118C /* ProjBornlogicUITests */,
			);
		};
/* End PBXProject section */

/* Begin PBXResourcesBuildPhase section */
		7CDB685328A54118001B118C /* Resources */ = {
			isa = PBXResourcesBuildPhase;
			buildActionMask = 2147483647;
			files = (
				7CDB686528A54119001B118C /* LaunchScreen.storyboard in Resources */,
				7CDB686228A54119001B118C /* Assets.xcassets in Resources */,
			);
			runOnlyForDeploymentPostprocessing = 0;
		};
		7CDB686928A54119001B118C /* Resources */ = {
			isa = PBXResourcesBuildPhase;
			buildActionMask = 2147483647;
			files = (
			);
			runOnlyForDeploymentPostprocessing = 0;
		};
		7CDB687328A54119001B118C /* Resources */ = {
			isa = PBXResourcesBuildPhase;
			buildActionMask = 2147483647;
			files = (
			);
			runOnlyForDeploymentPostprocessing = 0;
		};
/* End PBXResourcesBuildPhase section */

/* Begin PBXSourcesBuildPhase section */
		7CDB685128A54118001B118C /* Sources */ = {
			isa = PBXSourcesBuildPhase;
			buildActionMask = 2147483647;
			files = (
				7CDB685928A54118001B118C /* AppDelegate.swift in Sources */,
				7CDB68B828A6AB23001B118C /* UIImageExtensions.swift in Sources */,
				7CDB68C228A6DD18001B118C /* SummaryModel.swift in Sources */,
				7CDB689428A54307001B118C /* Method.swift in Sources */,
				7CDB68C828A95942001B118C /* Spinner.swift in Sources */,
				7CDB685B28A54118001B118C /* SceneDelegate.swift in Sources */,
				7CDB68B428A6A1A6001B118C /* DSLabel.swift in Sources */,
				7CDB68A328A547B3001B118C /* SummaryMainView.swift in Sources */,
				7CDB688E28A542E7001B118C /* RequestBuilder.swift in Sources */,
				7CDB689D28A5455A001B118C /* SummaryViewController.swift in Sources */,
				7CDB68C528A861E0001B118C /* ArrayExtensions.swift in Sources */,
				7CDB68A028A5457D001B118C /* SummaryTableViewCell.swift in Sources */,
				7CDB68AA28A5C684001B118C /* SummaryPresenter.swift in Sources */,
				7CDB68BC28A6DB56001B118C /* SummaryService.swift in Sources */,
				7CDB689128A542FC001B118C /* URLResources.swift in Sources */,
			);
			runOnlyForDeploymentPostprocessing = 0;
		};
		7CDB686728A54119001B118C /* Sources */ = {
			isa = PBXSourcesBuildPhase;
			buildActionMask = 2147483647;
			files = (
				7CDB68C628A861E0001B118C /* ArrayExtensions.swift in Sources */,
				7CDB689528A54307001B118C /* Method.swift in Sources */,
				7CDB687028A54119001B118C /* ProjBornlogicTests.swift in Sources */,
				7CDB68C928A95942001B118C /* Spinner.swift in Sources */,
				7CDB68AB28A5C684001B118C /* SummaryPresenter.swift in Sources */,
				7CDB68B528A6A1A6001B118C /* DSLabel.swift in Sources */,
				7CDB689228A542FC001B118C /* URLResources.swift in Sources */,
				7CDB688F28A542E7001B118C /* RequestBuilder.swift in Sources */,
				7CDB68A128A5457D001B118C /* SummaryTableViewCell.swift in Sources */,
				7CDB68B928A6AB23001B118C /* UIImageExtensions.swift in Sources */,
				7CDB68C328A6DD18001B118C /* SummaryModel.swift in Sources */,
				7CDB689E28A5455A001B118C /* SummaryViewController.swift in Sources */,
				7CDB68BD28A6DB56001B118C /* SummaryService.swift in Sources */,
				7CDB68A428A547B3001B118C /* SummaryMainView.swift in Sources */,
			);
			runOnlyForDeploymentPostprocessing = 0;
		};
		7CDB687128A54119001B118C /* Sources */ = {
			isa = PBXSourcesBuildPhase;
			buildActionMask = 2147483647;
			files = (
				7CDB687A28A54119001B118C /* ProjBornlogicUITests.swift in Sources */,
				7CDB687C28A54119001B118C /* ProjBornlogicUITestsLaunchTests.swift in Sources */,
			);
			runOnlyForDeploymentPostprocessing = 0;
		};
/* End PBXSourcesBuildPhase section */

/* Begin PBXTargetDependency section */
		7CDB686D28A54119001B118C /* PBXTargetDependency */ = {
			isa = PBXTargetDependency;
			target = 7CDB685428A54118001B118C /* ProjBornlogic */;
			targetProxy = 7CDB686C28A54119001B118C /* PBXContainerItemProxy */;
		};
		7CDB687728A54119001B118C /* PBXTargetDependency */ = {
			isa = PBXTargetDependency;
			target = 7CDB685428A54118001B118C /* ProjBornlogic */;
			targetProxy = 7CDB687628A54119001B118C /* PBXContainerItemProxy */;
		};
/* End PBXTargetDependency section */

/* Begin PBXVariantGroup section */
		7CDB686328A54119001B118C /* LaunchScreen.storyboard */ = {
			isa = PBXVariantGroup;
			children = (
				7CDB686428A54119001B118C /* Base */,
			);
			name = LaunchScreen.storyboard;
			sourceTree = "<group>";
		};
/* End PBXVariantGroup section */

/* Begin XCBuildConfiguration section */
		7CDB687D28A54119001B118C /* Debug */ = {
			isa = XCBuildConfiguration;
			buildSettings = {
				ALWAYS_SEARCH_USER_PATHS = NO;
				CLANG_ANALYZER_NONNULL = YES;
				CLANG_ANALYZER_NUMBER_OBJECT_CONVERSION = YES_AGGRESSIVE;
				CLANG_CXX_LANGUAGE_STANDARD = "gnu++17";
				CLANG_CXX_LIBRARY = "libc++";
				CLANG_ENABLE_MODULES = YES;
				CLANG_ENABLE_OBJC_ARC = YES;
				CLANG_ENABLE_OBJC_WEAK = YES;
				CLANG_WARN_BLOCK_CAPTURE_AUTORELEASING = YES;
				CLANG_WARN_BOOL_CONVERSION = YES;
				CLANG_WARN_COMMA = YES;
				CLANG_WARN_CONSTANT_CONVERSION = YES;
				CLANG_WARN_DEPRECATED_OBJC_IMPLEMENTATIONS = YES;
				CLANG_WARN_DIRECT_OBJC_ISA_USAGE = YES_ERROR;
				CLANG_WARN_DOCUMENTATION_COMMENTS = YES;
				CLANG_WARN_EMPTY_BODY = YES;
				CLANG_WARN_ENUM_CONVERSION = YES;
				CLANG_WARN_INFINITE_RECURSION = YES;
				CLANG_WARN_INT_CONVERSION = YES;
				CLANG_WARN_NON_LITERAL_NULL_CONVERSION = YES;
				CLANG_WARN_OBJC_IMPLICIT_RETAIN_SELF = YES;
				CLANG_WARN_OBJC_LITERAL_CONVERSION = YES;
				CLANG_WARN_OBJC_ROOT_CLASS = YES_ERROR;
				CLANG_WARN_QUOTED_INCLUDE_IN_FRAMEWORK_HEADER = YES;
				CLANG_WARN_RANGE_LOOP_ANALYSIS = YES;
				CLANG_WARN_STRICT_PROTOTYPES = YES;
				CLANG_WARN_SUSPICIOUS_MOVE = YES;
				CLANG_WARN_UNGUARDED_AVAILABILITY = YES_AGGRESSIVE;
				CLANG_WARN_UNREACHABLE_CODE = YES;
				CLANG_WARN__DUPLICATE_METHOD_MATCH = YES;
				COPY_PHASE_STRIP = NO;
				DEBUG_INFORMATION_FORMAT = dwarf;
				ENABLE_STRICT_OBJC_MSGSEND = YES;
				ENABLE_TESTABILITY = YES;
				GCC_C_LANGUAGE_STANDARD = gnu11;
				GCC_DYNAMIC_NO_PIC = NO;
				GCC_NO_COMMON_BLOCKS = YES;
				GCC_OPTIMIZATION_LEVEL = 0;
				GCC_PREPROCESSOR_DEFINITIONS = (
					"DEBUG=1",
					"$(inherited)",
				);
				GCC_WARN_64_TO_32_BIT_CONVERSION = YES;
				GCC_WARN_ABOUT_RETURN_TYPE = YES_ERROR;
				GCC_WARN_UNDECLARED_SELECTOR = YES;
				GCC_WARN_UNINITIALIZED_AUTOS = YES_AGGRESSIVE;
				GCC_WARN_UNUSED_FUNCTION = YES;
				GCC_WARN_UNUSED_VARIABLE = YES;
				IPHONEOS_DEPLOYMENT_TARGET = 15.0;
				MTL_ENABLE_DEBUG_INFO = INCLUDE_SOURCE;
				MTL_FAST_MATH = YES;
				ONLY_ACTIVE_ARCH = YES;
				SDKROOT = iphoneos;
				SWIFT_ACTIVE_COMPILATION_CONDITIONS = DEBUG;
				SWIFT_OPTIMIZATION_LEVEL = "-Onone";
			};
			name = Debug;
		};
		7CDB687E28A54119001B118C /* Release */ = {
			isa = XCBuildConfiguration;
			buildSettings = {
				ALWAYS_SEARCH_USER_PATHS = NO;
				CLANG_ANALYZER_NONNULL = YES;
				CLANG_ANALYZER_NUMBER_OBJECT_CONVERSION = YES_AGGRESSIVE;
				CLANG_CXX_LANGUAGE_STANDARD = "gnu++17";
				CLANG_CXX_LIBRARY = "libc++";
				CLANG_ENABLE_MODULES = YES;
				CLANG_ENABLE_OBJC_ARC = YES;
				CLANG_ENABLE_OBJC_WEAK = YES;
				CLANG_WARN_BLOCK_CAPTURE_AUTORELEASING = YES;
				CLANG_WARN_BOOL_CONVERSION = YES;
				CLANG_WARN_COMMA = YES;
				CLANG_WARN_CONSTANT_CONVERSION = YES;
				CLANG_WARN_DEPRECATED_OBJC_IMPLEMENTATIONS = YES;
				CLANG_WARN_DIRECT_OBJC_ISA_USAGE = YES_ERROR;
				CLANG_WARN_DOCUMENTATION_COMMENTS = YES;
				CLANG_WARN_EMPTY_BODY = YES;
				CLANG_WARN_ENUM_CONVERSION = YES;
				CLANG_WARN_INFINITE_RECURSION = YES;
				CLANG_WARN_INT_CONVERSION = YES;
				CLANG_WARN_NON_LITERAL_NULL_CONVERSION = YES;
				CLANG_WARN_OBJC_IMPLICIT_RETAIN_SELF = YES;
				CLANG_WARN_OBJC_LITERAL_CONVERSION = YES;
				CLANG_WARN_OBJC_ROOT_CLASS = YES_ERROR;
				CLANG_WARN_QUOTED_INCLUDE_IN_FRAMEWORK_HEADER = YES;
				CLANG_WARN_RANGE_LOOP_ANALYSIS = YES;
				CLANG_WARN_STRICT_PROTOTYPES = YES;
				CLANG_WARN_SUSPICIOUS_MOVE = YES;
				CLANG_WARN_UNGUARDED_AVAILABILITY = YES_AGGRESSIVE;
				CLANG_WARN_UNREACHABLE_CODE = YES;
				CLANG_WARN__DUPLICATE_METHOD_MATCH = YES;
				COPY_PHASE_STRIP = NO;
				DEBUG_INFORMATION_FORMAT = "dwarf-with-dsym";
				ENABLE_NS_ASSERTIONS = NO;
				ENABLE_STRICT_OBJC_MSGSEND = YES;
				GCC_C_LANGUAGE_STANDARD = gnu11;
				GCC_NO_COMMON_BLOCKS = YES;
				GCC_WARN_64_TO_32_BIT_CONVERSION = YES;
				GCC_WARN_ABOUT_RETURN_TYPE = YES_ERROR;
				GCC_WARN_UNDECLARED_SELECTOR = YES;
				GCC_WARN_UNINITIALIZED_AUTOS = YES_AGGRESSIVE;
				GCC_WARN_UNUSED_FUNCTION = YES;
				GCC_WARN_UNUSED_VARIABLE = YES;
				IPHONEOS_DEPLOYMENT_TARGET = 15.0;
				MTL_ENABLE_DEBUG_INFO = NO;
				MTL_FAST_MATH = YES;
				SDKROOT = iphoneos;
				SWIFT_COMPILATION_MODE = wholemodule;
				SWIFT_OPTIMIZATION_LEVEL = "-O";
				VALIDATE_PRODUCT = YES;
			};
			name = Release;
		};
		7CDB688028A54119001B118C /* Debug */ = {
			isa = XCBuildConfiguration;
			buildSettings = {
				ASSETCATALOG_COMPILER_APPICON_NAME = AppIcon;
				ASSETCATALOG_COMPILER_GLOBAL_ACCENT_COLOR_NAME = AccentColor;
				CODE_SIGN_STYLE = Automatic;
				CURRENT_PROJECT_VERSION = 1;
				DEVELOPMENT_TEAM = DCG5AW9A2V;
				GENERATE_INFOPLIST_FILE = YES;
				INFOPLIST_FILE = ProjBornlogic/Info.plist;
				INFOPLIST_KEY_UIApplicationSupportsIndirectInputEvents = YES;
				INFOPLIST_KEY_UILaunchStoryboardName = LaunchScreen;
				INFOPLIST_KEY_UISupportedInterfaceOrientations_iPad = "UIInterfaceOrientationPortrait UIInterfaceOrientationPortraitUpsideDown UIInterfaceOrientationLandscapeLeft UIInterfaceOrientationLandscapeRight";
				INFOPLIST_KEY_UISupportedInterfaceOrientations_iPhone = "UIInterfaceOrientationPortrait UIInterfaceOrientationLandscapeLeft UIInterfaceOrientationLandscapeRight";
				LD_RUNPATH_SEARCH_PATHS = (
					"$(inherited)",
					"@executable_path/Frameworks",
				);
				MARKETING_VERSION = 1.0;
				PRODUCT_BUNDLE_IDENTIFIER = alajoan.ProjBornlogic;
				PRODUCT_NAME = "$(TARGET_NAME)";
				SWIFT_EMIT_LOC_STRINGS = YES;
				SWIFT_VERSION = 5.0;
				TARGETED_DEVICE_FAMILY = "1,2";
			};
			name = Debug;
		};
		7CDB688128A54119001B118C /* Release */ = {
			isa = XCBuildConfiguration;
			buildSettings = {
				ASSETCATALOG_COMPILER_APPICON_NAME = AppIcon;
				ASSETCATALOG_COMPILER_GLOBAL_ACCENT_COLOR_NAME = AccentColor;
				CODE_SIGN_STYLE = Automatic;
				CURRENT_PROJECT_VERSION = 1;
				DEVELOPMENT_TEAM = DCG5AW9A2V;
				GENERATE_INFOPLIST_FILE = YES;
				INFOPLIST_FILE = ProjBornlogic/Info.plist;
				INFOPLIST_KEY_UIApplicationSupportsIndirectInputEvents = YES;
				INFOPLIST_KEY_UILaunchStoryboardName = LaunchScreen;
				INFOPLIST_KEY_UISupportedInterfaceOrientations_iPad = "UIInterfaceOrientationPortrait UIInterfaceOrientationPortraitUpsideDown UIInterfaceOrientationLandscapeLeft UIInterfaceOrientationLandscapeRight";
				INFOPLIST_KEY_UISupportedInterfaceOrientations_iPhone = "UIInterfaceOrientationPortrait UIInterfaceOrientationLandscapeLeft UIInterfaceOrientationLandscapeRight";
				LD_RUNPATH_SEARCH_PATHS = (
					"$(inherited)",
					"@executable_path/Frameworks",
				);
				MARKETING_VERSION = 1.0;
				PRODUCT_BUNDLE_IDENTIFIER = alajoan.ProjBornlogic;
				PRODUCT_NAME = "$(TARGET_NAME)";
				SWIFT_EMIT_LOC_STRINGS = YES;
				SWIFT_VERSION = 5.0;
				TARGETED_DEVICE_FAMILY = "1,2";
			};
			name = Release;
		};
		7CDB688328A54119001B118C /* Debug */ = {
			isa = XCBuildConfiguration;
			buildSettings = {
				ALWAYS_EMBED_SWIFT_STANDARD_LIBRARIES = YES;
				BUNDLE_LOADER = "$(TEST_HOST)";
				CODE_SIGN_STYLE = Automatic;
				CURRENT_PROJECT_VERSION = 1;
				DEVELOPMENT_TEAM = DCG5AW9A2V;
				GENERATE_INFOPLIST_FILE = YES;
				IPHONEOS_DEPLOYMENT_TARGET = 15.0;
				LD_RUNPATH_SEARCH_PATHS = (
					"$(inherited)",
					"@executable_path/Frameworks",
					"@loader_path/Frameworks",
				);
				MARKETING_VERSION = 1.0;
				PRODUCT_BUNDLE_IDENTIFIER = alajoan.ProjBornlogicTests;
				PRODUCT_NAME = "$(TARGET_NAME)";
				SWIFT_EMIT_LOC_STRINGS = NO;
				SWIFT_VERSION = 5.0;
				TARGETED_DEVICE_FAMILY = "1,2";
				TEST_HOST = "$(BUILT_PRODUCTS_DIR)/ProjBornlogic.app/ProjBornlogic";
			};
			name = Debug;
		};
		7CDB688428A54119001B118C /* Release */ = {
			isa = XCBuildConfiguration;
			buildSettings = {
				ALWAYS_EMBED_SWIFT_STANDARD_LIBRARIES = YES;
				BUNDLE_LOADER = "$(TEST_HOST)";
				CODE_SIGN_STYLE = Automatic;
				CURRENT_PROJECT_VERSION = 1;
				DEVELOPMENT_TEAM = DCG5AW9A2V;
				GENERATE_INFOPLIST_FILE = YES;
				IPHONEOS_DEPLOYMENT_TARGET = 15.0;
				LD_RUNPATH_SEARCH_PATHS = (
					"$(inherited)",
					"@executable_path/Frameworks",
					"@loader_path/Frameworks",
				);
				MARKETING_VERSION = 1.0;
				PRODUCT_BUNDLE_IDENTIFIER = alajoan.ProjBornlogicTests;
				PRODUCT_NAME = "$(TARGET_NAME)";
				SWIFT_EMIT_LOC_STRINGS = NO;
				SWIFT_VERSION = 5.0;
				TARGETED_DEVICE_FAMILY = "1,2";
				TEST_HOST = "$(BUILT_PRODUCTS_DIR)/ProjBornlogic.app/ProjBornlogic";
			};
			name = Release;
		};
		7CDB688628A54119001B118C /* Debug */ = {
			isa = XCBuildConfiguration;
			buildSettings = {
				ALWAYS_EMBED_SWIFT_STANDARD_LIBRARIES = YES;
				CODE_SIGN_STYLE = Automatic;
				CURRENT_PROJECT_VERSION = 1;
				DEVELOPMENT_TEAM = DCG5AW9A2V;
				GENERATE_INFOPLIST_FILE = YES;
				LD_RUNPATH_SEARCH_PATHS = (
					"$(inherited)",
					"@executable_path/Frameworks",
					"@loader_path/Frameworks",
				);
				MARKETING_VERSION = 1.0;
				PRODUCT_BUNDLE_IDENTIFIER = alajoan.ProjBornlogicUITests;
				PRODUCT_NAME = "$(TARGET_NAME)";
				SWIFT_EMIT_LOC_STRINGS = NO;
				SWIFT_VERSION = 5.0;
				TARGETED_DEVICE_FAMILY = "1,2";
				TEST_TARGET_NAME = ProjBornlogic;
			};
			name = Debug;
		};
		7CDB688728A54119001B118C /* Release */ = {
			isa = XCBuildConfiguration;
			buildSettings = {
				ALWAYS_EMBED_SWIFT_STANDARD_LIBRARIES = YES;
				CODE_SIGN_STYLE = Automatic;
				CURRENT_PROJECT_VERSION = 1;
				DEVELOPMENT_TEAM = DCG5AW9A2V;
				GENERATE_INFOPLIST_FILE = YES;
				LD_RUNPATH_SEARCH_PATHS = (
					"$(inherited)",
					"@executable_path/Frameworks",
					"@loader_path/Frameworks",
				);
				MARKETING_VERSION = 1.0;
				PRODUCT_BUNDLE_IDENTIFIER = alajoan.ProjBornlogicUITests;
				PRODUCT_NAME = "$(TARGET_NAME)";
				SWIFT_EMIT_LOC_STRINGS = NO;
				SWIFT_VERSION = 5.0;
				TARGETED_DEVICE_FAMILY = "1,2";
				TEST_TARGET_NAME = ProjBornlogic;
			};
			name = Release;
		};
/* End XCBuildConfiguration section */

/* Begin XCConfigurationList section */
		7CDB685028A54118001B118C /* Build configuration list for PBXProject "ProjBornlogic" */ = {
			isa = XCConfigurationList;
			buildConfigurations = (
				7CDB687D28A54119001B118C /* Debug */,
				7CDB687E28A54119001B118C /* Release */,
			);
			defaultConfigurationIsVisible = 0;
			defaultConfigurationName = Release;
		};
		7CDB687F28A54119001B118C /* Build configuration list for PBXNativeTarget "ProjBornlogic" */ = {
			isa = XCConfigurationList;
			buildConfigurations = (
				7CDB688028A54119001B118C /* Debug */,
				7CDB688128A54119001B118C /* Release */,
			);
			defaultConfigurationIsVisible = 0;
			defaultConfigurationName = Release;
		};
		7CDB688228A54119001B118C /* Build configuration list for PBXNativeTarget "ProjBornlogicTests" */ = {
			isa = XCConfigurationList;
			buildConfigurations = (
				7CDB688328A54119001B118C /* Debug */,
				7CDB688428A54119001B118C /* Release */,
			);
			defaultConfigurationIsVisible = 0;
			defaultConfigurationName = Release;
		};
		7CDB688528A54119001B118C /* Build configuration list for PBXNativeTarget "ProjBornlogicUITests" */ = {
			isa = XCConfigurationList;
			buildConfigurations = (
				7CDB688628A54119001B118C /* Debug */,
				7CDB688728A54119001B118C /* Release */,
			);
			defaultConfigurationIsVisible = 0;
			defaultConfigurationName = Release;
		};
/* End XCConfigurationList section */
	};
	rootObject = 7CDB684D28A54118001B118C /* Project object */;
}
